
Microsoft Visual Studio Solution File, Format Version 12.00
# Visual Studio Version 17
VisualStudioVersion = 17.6.33712.159
MinimumVisualStudioVersion = 10.0.40219.1
Project("{2150E333-8FDC-42A3-9474-1A3956D46DE8}") = "Algorithms", "Algorithms", "{A8249420-BD6A-44CD-AE7A-CD50CA5EED71}"
EndProject
Project("{2150E333-8FDC-42A3-9474-1A3956D46DE8}") = "Ints", "Ints", "{17C9DB3B-DBC0-4422-9942-7BAF14437F13}"
EndProject
Project("{9A19103F-16F7-4668-BE54-9A1E7A4F7556}") = "MostFrequentNumber", "MostFrequentNumber\MostFrequentNumber.csproj", "{6EEB1C54-3395-427B-AD4B-97BAC2E647C6}"
EndProject
Project("{2150E333-8FDC-42A3-9474-1A3956D46DE8}") = "Strings", "Strings", "{CB5F8DC6-D6E9-43E2-AA2C-2A409F17D385}"
EndProject
Project("{9A19103F-16F7-4668-BE54-9A1E7A4F7556}") = "ParanthesesGeneration", "ParanthesesGeneration\ParanthesesGeneration.csproj", "{D37F1FBE-6D72-4F3B-BD81-938AE2A8B354}"
EndProject
Project("{9A19103F-16F7-4668-BE54-9A1E7A4F7556}") = "BubbleSort", "BubbleSort\BubbleSort.csproj", "{19A2CBAA-13CC-4278-B453-53399D886510}"
EndProject
Project("{9A19103F-16F7-4668-BE54-9A1E7A4F7556}") = "MergeSort", "MergeSort\MergeSort.csproj", "{6EC22441-94AA-4B6A-85F1-3DE8737F6EB4}"
EndProject
Project("{2150E333-8FDC-42A3-9474-1A3956D46DE8}") = "Sorting", "Sorting", "{F9FB5995-D378-491D-B890-D18B60ADAA90}"
EndProject
Project("{9A19103F-16F7-4668-BE54-9A1E7A4F7556}") = "InsertionSort", "InsertionSort\InsertionSort.csproj", "{5E2D511E-CF5E-4057-96FC-BB81D5A018A1}"
EndProject
Project("{9A19103F-16F7-4668-BE54-9A1E7A4F7556}") = "SelectionSort", "SelectionSort\SelectionSort.csproj", "{2273054C-D2E3-4A19-8BBF-351B94CE1CE1}"
EndProject
Project("{FAE04EC0-301F-11D3-BF4B-00C04F79EFBC}") = "K-Nearest-Neighbor", "K-Nearest-Neighbor\K-Nearest-Neighbor.csproj", "{00F77D16-A15D-4045-A8F5-00873F49DFA2}"
EndProject
Project("{9A19103F-16F7-4668-BE54-9A1E7A4F7556}") = "QuickSort", "QuickSort\QuickSort.csproj", "{DE1D6804-7A60-4EB6-A2C6-9622ADD9AC0A}"
EndProject
Project("{FAE04EC0-301F-11D3-BF4B-00C04F79EFBC}") = "CocktailSort", "CocktailSort\CocktailSort.csproj", "{6BF5E781-BAEE-4FB0-AC3D-D8563C1ACDB9}"
EndProject
Global
	GlobalSection(SolutionConfigurationPlatforms) = preSolution
		Debug|Any CPU = Debug|Any CPU
		Release|Any CPU = Release|Any CPU
	EndGlobalSection
	GlobalSection(ProjectConfigurationPlatforms) = postSolution
		{6EEB1C54-3395-427B-AD4B-97BAC2E647C6}.Debug|Any CPU.ActiveCfg = Debug|Any CPU
		{6EEB1C54-3395-427B-AD4B-97BAC2E647C6}.Debug|Any CPU.Build.0 = Debug|Any CPU
		{6EEB1C54-3395-427B-AD4B-97BAC2E647C6}.Release|Any CPU.ActiveCfg = Release|Any CPU
		{6EEB1C54-3395-427B-AD4B-97BAC2E647C6}.Release|Any CPU.Build.0 = Release|Any CPU
		{D37F1FBE-6D72-4F3B-BD81-938AE2A8B354}.Debug|Any CPU.ActiveCfg = Debug|Any CPU
		{D37F1FBE-6D72-4F3B-BD81-938AE2A8B354}.Debug|Any CPU.Build.0 = Debug|Any CPU
		{D37F1FBE-6D72-4F3B-BD81-938AE2A8B354}.Release|Any CPU.ActiveCfg = Release|Any CPU
		{D37F1FBE-6D72-4F3B-BD81-938AE2A8B354}.Release|Any CPU.Build.0 = Release|Any CPU
		{19A2CBAA-13CC-4278-B453-53399D886510}.Debug|Any CPU.ActiveCfg = Debug|Any CPU
		{19A2CBAA-13CC-4278-B453-53399D886510}.Debug|Any CPU.Build.0 = Debug|Any CPU
		{19A2CBAA-13CC-4278-B453-53399D886510}.Release|Any CPU.ActiveCfg = Release|Any CPU
		{19A2CBAA-13CC-4278-B453-53399D886510}.Release|Any CPU.Build.0 = Release|Any CPU
		{6EC22441-94AA-4B6A-85F1-3DE8737F6EB4}.Debug|Any CPU.ActiveCfg = Debug|Any CPU
		{6EC22441-94AA-4B6A-85F1-3DE8737F6EB4}.Debug|Any CPU.Build.0 = Debug|Any CPU
		{6EC22441-94AA-4B6A-85F1-3DE8737F6EB4}.Release|Any CPU.ActiveCfg = Release|Any CPU
		{6EC22441-94AA-4B6A-85F1-3DE8737F6EB4}.Release|Any CPU.Build.0 = Release|Any CPU
		{5E2D511E-CF5E-4057-96FC-BB81D5A018A1}.Debug|Any CPU.ActiveCfg = Debug|Any CPU
		{5E2D511E-CF5E-4057-96FC-BB81D5A018A1}.Debug|Any CPU.Build.0 = Debug|Any CPU
		{5E2D511E-CF5E-4057-96FC-BB81D5A018A1}.Release|Any CPU.ActiveCfg = Release|Any CPU
		{5E2D511E-CF5E-4057-96FC-BB81D5A018A1}.Release|Any CPU.Build.0 = Release|Any CPU
		{2273054C-D2E3-4A19-8BBF-351B94CE1CE1}.Debug|Any CPU.ActiveCfg = Debug|Any CPU
		{2273054C-D2E3-4A19-8BBF-351B94CE1CE1}.Debug|Any CPU.Build.0 = Debug|Any CPU
		{2273054C-D2E3-4A19-8BBF-351B94CE1CE1}.Release|Any CPU.ActiveCfg = Release|Any CPU
		{2273054C-D2E3-4A19-8BBF-351B94CE1CE1}.Release|Any CPU.Build.0 = Release|Any CPU
		{00F77D16-A15D-4045-A8F5-00873F49DFA2}.Debug|Any CPU.ActiveCfg = Debug|Any CPU
		{00F77D16-A15D-4045-A8F5-00873F49DFA2}.Debug|Any CPU.Build.0 = Debug|Any CPU
		{00F77D16-A15D-4045-A8F5-00873F49DFA2}.Release|Any CPU.ActiveCfg = Release|Any CPU
		{00F77D16-A15D-4045-A8F5-00873F49DFA2}.Release|Any CPU.Build.0 = Release|Any CPU
		{DE1D6804-7A60-4EB6-A2C6-9622ADD9AC0A}.Debug|Any CPU.ActiveCfg = Debug|Any CPU
		{DE1D6804-7A60-4EB6-A2C6-9622ADD9AC0A}.Debug|Any CPU.Build.0 = Debug|Any CPU
		{DE1D6804-7A60-4EB6-A2C6-9622ADD9AC0A}.Release|Any CPU.ActiveCfg = Release|Any CPU
		{DE1D6804-7A60-4EB6-A2C6-9622ADD9AC0A}.Release|Any CPU.Build.0 = Release|Any CPU
		{6BF5E781-BAEE-4FB0-AC3D-D8563C1ACDB9}.Debug|Any CPU.ActiveCfg = Debug|Any CPU
		{6BF5E781-BAEE-4FB0-AC3D-D8563C1ACDB9}.Debug|Any CPU.Build.0 = Debug|Any CPU
		{6BF5E781-BAEE-4FB0-AC3D-D8563C1ACDB9}.Release|Any CPU.ActiveCfg = Release|Any CPU
		{6BF5E781-BAEE-4FB0-AC3D-D8563C1ACDB9}.Release|Any CPU.Build.0 = Release|Any CPU
	EndGlobalSection
	GlobalSection(SolutionProperties) = preSolution
		HideSolutionNode = FALSE
	EndGlobalSection
	GlobalSection(NestedProjects) = preSolution
		{17C9DB3B-DBC0-4422-9942-7BAF14437F13} = {A8249420-BD6A-44CD-AE7A-CD50CA5EED71}
		{6EEB1C54-3395-427B-AD4B-97BAC2E647C6} = {17C9DB3B-DBC0-4422-9942-7BAF14437F13}
		{CB5F8DC6-D6E9-43E2-AA2C-2A409F17D385} = {A8249420-BD6A-44CD-AE7A-CD50CA5EED71}
		{D37F1FBE-6D72-4F3B-BD81-938AE2A8B354} = {CB5F8DC6-D6E9-43E2-AA2C-2A409F17D385}
		{19A2CBAA-13CC-4278-B453-53399D886510} = {F9FB5995-D378-491D-B890-D18B60ADAA90}
		{6EC22441-94AA-4B6A-85F1-3DE8737F6EB4} = {F9FB5995-D378-491D-B890-D18B60ADAA90}
		{F9FB5995-D378-491D-B890-D18B60ADAA90} = {A8249420-BD6A-44CD-AE7A-CD50CA5EED71}
		{5E2D511E-CF5E-4057-96FC-BB81D5A018A1} = {F9FB5995-D378-491D-B890-D18B60ADAA90}
		{2273054C-D2E3-4A19-8BBF-351B94CE1CE1} = {F9FB5995-D378-491D-B890-D18B60ADAA90}
		{00F77D16-A15D-4045-A8F5-00873F49DFA2} = {A8249420-BD6A-44CD-AE7A-CD50CA5EED71}
		{DE1D6804-7A60-4EB6-A2C6-9622ADD9AC0A} = {F9FB5995-D378-491D-B890-D18B60ADAA90}
		{6BF5E781-BAEE-4FB0-AC3D-D8563C1ACDB9} = {F9FB5995-D378-491D-B890-D18B60ADAA90}
	EndGlobalSection
	GlobalSection(ExtensibilityGlobals) = postSolution
		SolutionGuid = {4DBDDB84-04AB-449E-B039-7B74CA18AF07}
	EndGlobalSection
EndGlobal
